
Microsoft Visual Studio Solution File, Format Version 12.00
# Visual Studio Version 17
VisualStudioVersion = 17.2.32602.215
MinimumVisualStudioVersion = 10.0.40219.1
Project("{FAE04EC0-301F-11D3-BF4B-00C04F79EFBC}") = "EmployeeManagementSystem", "EmployeeManagementSystem\EmployeeManagementSystem.csproj", "{4387D154-5CB7-4872-A9CA-4C5B60DA8511}"
EndProject
Global
	GlobalSection(SolutionConfigurationPlatforms) = preSolution
		Debug|Any CPU = Debug|Any CPU
		Release|Any CPU = Release|Any CPU
	EndGlobalSection
	GlobalSection(ProjectConfigurationPlatforms) = postSolution
		{4387D154-5CB7-4872-A9CA-4C5B60DA8511}.Debug|Any CPU.ActiveCfg = Debug|Any CPU
		{4387D154-5CB7-4872-A9CA-4C5B60DA8511}.Debug|Any CPU.Build.0 = Debug|Any CPU
		{4387D154-5CB7-4872-A9CA-4C5B60DA8511}.Release|Any CPU.ActiveCfg = Release|Any CPU
		{4387D154-5CB7-4872-A9CA-4C5B60DA8511}.Release|Any CPU.Build.0 = Release|Any CPU
	EndGlobalSection
	GlobalSection(SolutionProperties) = preSolution
		HideSolutionNode = FALSE
	EndGlobalSection
	GlobalSection(ExtensibilityGlobals) = postSolution
		SolutionGuid = {19E944EC-9315-44BE-B023-27C02CF7AC18}
	EndGlobalSection
EndGlobal
